	<Project xmlns="http://schemas.microsoft.com/developer/msbuild/2003">
		<PropertyGroup>
			<ProjectGuid>{3034D6CB-38C2-44B3-ABE1-812FE59B551E}</ProjectGuid>
			<MainSource>Tinn.dpr</MainSource>
			<Base>True</Base>
			<Config Condition="'$(Config)'==''">Debug</Config>
			<Platform>Win32</Platform>
			<AppType>Application</AppType>
			<FrameworkType>VCL</FrameworkType>
			<DCC_DCCCompiler>DCC32</DCC_DCCCompiler>
			<ProjectVersion>12.3</ProjectVersion>
		</PropertyGroup>
		<PropertyGroup Condition="'$(Config)'=='Base' or '$(Base)'!=''">
			<Base>true</Base>
		</PropertyGroup>
		<PropertyGroup Condition="'$(Config)'=='Release' or '$(Cfg_1)'!=''">
			<Cfg_1>true</Cfg_1>
			<CfgParent>Base</CfgParent>
			<Base>true</Base>
		</PropertyGroup>
		<PropertyGroup Condition="'$(Config)'=='Debug' or '$(Cfg_2)'!=''">
			<Cfg_2>true</Cfg_2>
			<CfgParent>Base</CfgParent>
			<Base>true</Base>
		</PropertyGroup>
		<PropertyGroup Condition="'$(Base)'!=''">
			<DCC_SymbolReferenceInfo>1</DCC_SymbolReferenceInfo>
			<DCC_K>false</DCC_K>
			<DCC_F>false</DCC_F>
			<DCC_UsePackage>vclimg;vcl;vclx;dbrtl;Rave90VCL;bdertl;VclSmp;rtl;svnui;svn;TeeUI;Tee;TeeDB;vclactnband;vcldb;vcldbx;vcltouch;xmlrtl;dsnap;dsnapcon;vclib;ibxpress;adortl;IndyCore;IndySystem;IndyProtocols;inet;intrawebdb_110_150;Intraweb_110_150;vclie;webdsnap;inetdb;websnap;inetdbbde;inetdbxpress;soaprtl;vclribbon;DbxCommonDriver;DBXInterBaseDriver;DBXMySQLDriver;dbexpress;dbxcds;DbxClientDriver;AzureCloud;dxCoreD15;cxLibraryD15;cxPageControlD15;cxEditorsD15;cxExtEditorsD15;cxGridD15;cxTreeListD15;dxmdsD15;tmsd2011;tmsexd2011;tmsxlsd2011;tmswizd2011;FlexCel_Core;FlexCel_Pdf;FlexCel_XlsAdapter;VCL_FlexCel_Core;FlexCel_Render;FlexCel_Report;VCL_FlexCel_Components;ARExcelRptDXE;SynEdit_R;CodeSiteExpressVcl;dxThemeD15;dxGDIPlusD15;cxDataD15;cxExportD15;cxComponents;auapck</DCC_UsePackage>
			<DCC_DcuOutput>$(DELPHI)\Projects\dcu</DCC_DcuOutput>
			<DCC_Alignment>1</DCC_Alignment>
			<DCC_ExeOutput>C:\ustawienia\_workdir\delphi\OraTinn\Tinn\src-svn-projectlocker.com\dcu\</DCC_ExeOutput>
			<DCC_DcpOutput>c:\ustawienia\_workdir\delphi\OraTinn\Tinn\src-svn-projectlocker.com\dcu </DCC_DcpOutput>
			<DCC_DebugInfoInExe>true</DCC_DebugInfoInExe>
			<DCC_E>false</DCC_E>
			<DCC_S>false</DCC_S>
			<DCC_N>true</DCC_N>
			<UsePackages>true</UsePackages>
			<DCC_WriteableConstants>true</DCC_WriteableConstants>
			<DCC_RemoteDebug>true</DCC_RemoteDebug>
			<DCC_ImageBase>00400000</DCC_ImageBase>
			<DCC_UnitAlias>WinTypes=Windows;WinProcs=Windows;DbiTypes=BDE;DbiProcs=BDE;DbiErrs=BDE;WinTypes=Windows;WinProcs=Windows;$(DCC_UnitAlias)</DCC_UnitAlias>
		</PropertyGroup>
		<PropertyGroup Condition="'$(Cfg_1)'!=''">
			<DCC_Define>RELEASE;$(DCC_Define)</DCC_Define>
			<DCC_SymbolReferenceInfo>0</DCC_SymbolReferenceInfo>
			<DCC_LocalDebugSymbols>false</DCC_LocalDebugSymbols>
			<DCC_DebugInformation>false</DCC_DebugInformation>
		</PropertyGroup>
		<PropertyGroup Condition="'$(Cfg_2)'!=''">
			<DCC_UnitSearchPath>c:\ustawienia\_workdir\delphi\OraTinn\SynEdit\Source;$(DCC_UnitSearchPath)</DCC_UnitSearchPath>
			<DCC_DcuOutput>C:\ustawienia\_workdir\delphi\OraTinn\Tinn\src-svn-projectlocker.com\</DCC_DcuOutput>
			<DCC_BplOutput>C:\Users\Public\Documents\RAD Studio\8.0\Bpl\</DCC_BplOutput>
			<DCC_DcpOutput>C:\ustawienia\_workdir\delphi\OraTinn\Tinn\src-svn-projectlocker.com\dcu\</DCC_DcpOutput>
			<DCC_Optimize>false</DCC_Optimize>
			<DCC_GenerateStackFrames>true</DCC_GenerateStackFrames>
			<DCC_Define>DEBUG;$(DCC_Define)</DCC_Define>
		</PropertyGroup>
		<ItemGroup>
			<DelphiCompile Include="Tinn.dpr">
				<MainSource>MainSource</MainSource>
			</DelphiCompile>
			<DCCReference Include="ufrmMain.pas">
				<Form>frmTinnMain</Form>
			</DCCReference>
			<DCCReference Include="uAbout.pas">
				<Form>AboutBox</Form>
			</DCCReference>
			<DCCReference Include="uGotoBox.pas">
				<Form>GotoBox</Form>
			</DCCReference>
			<DCCReference Include="uDMSyn.pas">
				<Form>dmSyn</Form>
				<DesignClass>TDataModule</DesignClass>
			</DCCReference>
			<DCCReference Include="ufrmEditor.pas">
				<Form>frmEditor</Form>
			</DCCReference>
			<DCCReference Include="dlgSearchText.pas">
				<Form>TextSearchDialog</Form>
			</DCCReference>
			<DCCReference Include="dlgReplaceText.pas">
				<Form>TextReplaceDialog</Form>
			</DCCReference>
			<DCCReference Include="ufrmPrintPreview.pas">
				<Form>frmPrintPreview</Form>
			</DCCReference>
			<DCCReference Include="ufrmSynColor.pas">
				<Form>dlgSynColor</Form>
			</DCCReference>
			<DCCReference Include="udlgAppOptions.pas">
				<Form>dlgAppOptions</Form>
			</DCCReference>
			<DCCReference Include="AsciiChart.pas">
				<Form>fmAsciiChart</Form>
			</DCCReference>
			<DCCReference Include="ufrmSearchResults.pas">
				<Form>frmSearchResults</Form>
			</DCCReference>
			<DCCReference Include="udlgSearchInFiles.pas">
				<Form>dlgSearchInFiles</Form>
			</DCCReference>
			<DCCReference Include="BrowseForFolder.pas"/>
			<DCCReference Include="uActionMacro.pas"/>
			<DCCReference Include="ufrmProject.pas">
				<Form>frmProject</Form>
			</DCCReference>
			<DCCReference Include="ufrmCodeCompletion.pas">
				<Form>FrmCodeCompletion</Form>
			</DCCReference>
			<DCCReference Include="uFrmConnect.pas">
				<Form>FrmConnect</Form>
			</DCCReference>
			<DCCReference Include="uFrmCompileErrors.pas">
				<Form>FrmCompileErrors</Form>
			</DCCReference>
			<DCCReference Include="uPLSQLLExer.pas"/>
			<DCCReference Include="uFormExternalTools.pas">
				<Form>FormExternalTools</Form>
			</DCCReference>
			<DCCReference Include="utypese.pas"/>
			<DCCReference Include="uQueryGrid.pas">
				<Form>FrmQueryGrid</Form>
			</DCCReference>
			<DCCReference Include="uFrmJumpProc.pas">
				<Form>JumpProc</Form>
			</DCCReference>
			<None Include="Tinn.todo"/>
			<None Include="changelog.txt">
				<ContainerId>File</ContainerId>
			</None>
			<BuildConfiguration Include="Debug">
				<Key>Cfg_2</Key>
				<CfgParent>Base</CfgParent>
			</BuildConfiguration>
			<BuildConfiguration Include="Base">
				<Key>Base</Key>
			</BuildConfiguration>
			<BuildConfiguration Include="Release">
				<Key>Cfg_1</Key>
				<CfgParent>Base</CfgParent>
			</BuildConfiguration>
		</ItemGroup>
		<Import Condition="Exists('$(BDS)\Bin\CodeGear.Delphi.Targets')" Project="$(BDS)\Bin\CodeGear.Delphi.Targets"/>
		<Import Condition="Exists('$(APPDATA)\Embarcadero\$(BDSAPPDATABASEDIR)\$(PRODUCTVERSION)\UserTools.proj')" Project="$(APPDATA)\Embarcadero\$(BDSAPPDATABASEDIR)\$(PRODUCTVERSION)\UserTools.proj"/>
		<ProjectExtensions>
			<Borland.Personality>Delphi.Personality.12</Borland.Personality>
			<Borland.ProjectType>VCLApplication</Borland.ProjectType>
			<BorlandProject>
				<Delphi.Personality>
					<Source>
						<Source Name="MainSource">Tinn.dpr</Source>
					</Source>
					<VersionInfo>
						<VersionInfo Name="IncludeVerInfo">False</VersionInfo>
						<VersionInfo Name="AutoIncBuild">False</VersionInfo>
						<VersionInfo Name="MajorVer">1</VersionInfo>
						<VersionInfo Name="MinorVer">0</VersionInfo>
						<VersionInfo Name="Release">0</VersionInfo>
						<VersionInfo Name="Build">0</VersionInfo>
						<VersionInfo Name="Debug">False</VersionInfo>
						<VersionInfo Name="PreRelease">False</VersionInfo>
						<VersionInfo Name="Special">False</VersionInfo>
						<VersionInfo Name="Private">False</VersionInfo>
						<VersionInfo Name="DLL">False</VersionInfo>
						<VersionInfo Name="Locale">1045</VersionInfo>
						<VersionInfo Name="CodePage">1250</VersionInfo>
					</VersionInfo>
					<VersionInfoKeys>
						<VersionInfoKeys Name="CompanyName"/>
						<VersionInfoKeys Name="FileDescription"/>
						<VersionInfoKeys Name="FileVersion">1.0.0.0</VersionInfoKeys>
						<VersionInfoKeys Name="InternalName"/>
						<VersionInfoKeys Name="LegalCopyright"/>
						<VersionInfoKeys Name="LegalTrademarks"/>
						<VersionInfoKeys Name="OriginalFilename"/>
						<VersionInfoKeys Name="ProductName"/>
						<VersionInfoKeys Name="ProductVersion">1.0.0.0</VersionInfoKeys>
						<VersionInfoKeys Name="Comments"/>
					</VersionInfoKeys>
					<Excluded_Packages>
						<Excluded_Packages Name="$(BDSBIN)\dcloffice2k150.bpl">Microsoft Office 2000 Sample Automation Server Wrapper Components</Excluded_Packages>
						<Excluded_Packages Name="$(BDSBIN)\dclofficexp150.bpl">Microsoft Office XP Sample Automation Server Wrapper Components</Excluded_Packages>
					</Excluded_Packages>
				</Delphi.Personality>
				<Platforms>
					<Platform value="Win32">True</Platform>
				</Platforms>
			</BorlandProject>
			<ProjectFileVersion>12</ProjectFileVersion>
		</ProjectExtensions>
	</Project>
